
Microsoft Visual Studio Solution File, Format Version 12.00
# Visual Studio Version 17
VisualStudioVersion = 17.6.33723.286
MinimumVisualStudioVersion = 10.0.40219.1
Project("{FAE04EC0-301F-11D3-BF4B-00C04F79EFBC}") = "Intervalo", "Intervalo\Intervalo.csproj", "{0FAE0B6C-6C8B-4377-A392-A5CFF58AD663}"
EndProject
Global
	GlobalSection(SolutionConfigurationPlatforms) = preSolution
		Debug|Any CPU = Debug|Any CPU
		Release|Any CPU = Release|Any CPU
	EndGlobalSection
	GlobalSection(ProjectConfigurationPlatforms) = postSolution
		{0FAE0B6C-6C8B-4377-A392-A5CFF58AD663}.Debug|Any CPU.ActiveCfg = Debug|Any CPU
		{0FAE0B6C-6C8B-4377-A392-A5CFF58AD663}.Debug|Any CPU.Build.0 = Debug|Any CPU
		{0FAE0B6C-6C8B-4377-A392-A5CFF58AD663}.Release|Any CPU.ActiveCfg = Release|Any CPU
		{0FAE0B6C-6C8B-4377-A392-A5CFF58AD663}.Release|Any CPU.Build.0 = Release|Any CPU
	EndGlobalSection
	GlobalSection(SolutionProperties) = preSolution
		HideSolutionNode = FALSE
	EndGlobalSection
	GlobalSection(ExtensibilityGlobals) = postSolution
		SolutionGuid = {B9612628-931D-4C6E-A8AF-DF087E7AA8E8}
	EndGlobalSection
EndGlobal
